
Microsoft Visual Studio Solution File, Format Version 12.00
# Visual Studio Version 17
VisualStudioVersion = 17.6.33815.320
MinimumVisualStudioVersion = 10.0.40219.1
Project("{FAE04EC0-301F-11D3-BF4B-00C04F79EFBC}") = "Assignment2", "Assignment2.csproj", "{F2F1DBB6-B9D6-46D4-B201-D2202E09D396}"
EndProject
Global
	GlobalSection(SolutionConfigurationPlatforms) = preSolution
		Debug|Any CPU = Debug|Any CPU
		Release|Any CPU = Release|Any CPU
	EndGlobalSection
	GlobalSection(ProjectConfigurationPlatforms) = postSolution
		{F2F1DBB6-B9D6-46D4-B201-D2202E09D396}.Debug|Any CPU.ActiveCfg = Debug|Any CPU
		{F2F1DBB6-B9D6-46D4-B201-D2202E09D396}.Debug|Any CPU.Build.0 = Debug|Any CPU
		{F2F1DBB6-B9D6-46D4-B201-D2202E09D396}.Release|Any CPU.ActiveCfg = Release|Any CPU
		{F2F1DBB6-B9D6-46D4-B201-D2202E09D396}.Release|Any CPU.Build.0 = Release|Any CPU
	EndGlobalSection
	GlobalSection(SolutionProperties) = preSolution
		HideSolutionNode = FALSE
	EndGlobalSection
	GlobalSection(ExtensibilityGlobals) = postSolution
		SolutionGuid = {FCA09FF3-C676-4FA4-8F35-4AB643F71CDB}
	EndGlobalSection
EndGlobal
